// !$*UTF8*$!
{
	archiveVersion = 1;
	classes = {
	};
	objectVersion = 55;
	objects = {

/* Begin PBXBuildFile section */
		D0787FCF26A587AB00B952FD /* FruitModel.swift in Sources */ = {isa = PBXBuildFile; fileRef = D0787FCE26A587AB00B952FD /* FruitModel.swift */; };
		D0787FD426A591C700B952FD /* FruitRowView.swift in Sources */ = {isa = PBXBuildFile; fileRef = D0787FD326A591C700B952FD /* FruitRowView.swift */; };
		D0787FD626A595C000B952FD /* FruitDetailView.swift in Sources */ = {isa = PBXBuildFile; fileRef = D0787FD526A595C000B952FD /* FruitDetailView.swift */; };
		D0787FD826A59A4300B952FD /* FruitHeaderView.swift in Sources */ = {isa = PBXBuildFile; fileRef = D0787FD726A59A4300B952FD /* FruitHeaderView.swift */; };
		D0787FDA26A59E0200B952FD /* SourceLinkView.swift in Sources */ = {isa = PBXBuildFile; fileRef = D0787FD926A59E0200B952FD /* SourceLinkView.swift */; };
		D0877EC826A47F7F004FCEBF /* FructusApp.swift in Sources */ = {isa = PBXBuildFile; fileRef = D0877EBA26A47F7C004FCEBF /* FructusApp.swift */; };
		D0877EC926A47F7F004FCEBF /* FructusApp.swift in Sources */ = {isa = PBXBuildFile; fileRef = D0877EBA26A47F7C004FCEBF /* FructusApp.swift */; };
		D0877ECA26A47F7F004FCEBF /* ContentView.swift in Sources */ = {isa = PBXBuildFile; fileRef = D0877EBB26A47F7C004FCEBF /* ContentView.swift */; };
		D0877ECB26A47F7F004FCEBF /* ContentView.swift in Sources */ = {isa = PBXBuildFile; fileRef = D0877EBB26A47F7C004FCEBF /* ContentView.swift */; };
		D0877ECC26A47F7F004FCEBF /* Assets.xcassets in Resources */ = {isa = PBXBuildFile; fileRef = D0877EBC26A47F7F004FCEBF /* Assets.xcassets */; };
		D0877ECD26A47F7F004FCEBF /* Assets.xcassets in Resources */ = {isa = PBXBuildFile; fileRef = D0877EBC26A47F7F004FCEBF /* Assets.xcassets */; };
		D0877EDF26A48295004FCEBF /* FruitCardView.swift in Sources */ = {isa = PBXBuildFile; fileRef = D0877EDE26A48295004FCEBF /* FruitCardView.swift */; };
		D0877EE026A48295004FCEBF /* FruitCardView.swift in Sources */ = {isa = PBXBuildFile; fileRef = D0877EDE26A48295004FCEBF /* FruitCardView.swift */; };
		D0877EE226A4889B004FCEBF /* StartButtonView.swift in Sources */ = {isa = PBXBuildFile; fileRef = D0877EE126A4889B004FCEBF /* StartButtonView.swift */; };
		D0877EE326A4889B004FCEBF /* StartButtonView.swift in Sources */ = {isa = PBXBuildFile; fileRef = D0877EE126A4889B004FCEBF /* StartButtonView.swift */; };
		D0877EE526A48D81004FCEBF /* OnboardingView.swift in Sources */ = {isa = PBXBuildFile; fileRef = D0877EE426A48D81004FCEBF /* OnboardingView.swift */; };
		D0877EE626A48D81004FCEBF /* OnboardingView.swift in Sources */ = {isa = PBXBuildFile; fileRef = D0877EE426A48D81004FCEBF /* OnboardingView.swift */; };
		D0DB377426A604B600C740B4 /* FruitNutrientsView.swift in Sources */ = {isa = PBXBuildFile; fileRef = D0DB377326A604B600C740B4 /* FruitNutrientsView.swift */; };
		D0DB377626A609F400C740B4 /* SettingsView.swift in Sources */ = {isa = PBXBuildFile; fileRef = D0DB377526A609F400C740B4 /* SettingsView.swift */; };
		D0DB377826A60FC600C740B4 /* SettingsLabelView.swift in Sources */ = {isa = PBXBuildFile; fileRef = D0DB377726A60FC600C740B4 /* SettingsLabelView.swift */; };
		D0DB377C26A6143500C740B4 /* SettingsRowView.swift in Sources */ = {isa = PBXBuildFile; fileRef = D0DB377B26A6143500C740B4 /* SettingsRowView.swift */; };
/* End PBXBuildFile section */

/* Begin PBXFileReference section */
		D0787FCE26A587AB00B952FD /* FruitModel.swift */ = {isa = PBXFileReference; lastKnownFileType = sourcecode.swift; path = FruitModel.swift; sourceTree = "<group>"; };
		D0787FD326A591C700B952FD /* FruitRowView.swift */ = {isa = PBXFileReference; lastKnownFileType = sourcecode.swift; path = FruitRowView.swift; sourceTree = "<group>"; };
		D0787FD526A595C000B952FD /* FruitDetailView.swift */ = {isa = PBXFileReference; lastKnownFileType = sourcecode.swift; path = FruitDetailView.swift; sourceTree = "<group>"; };
		D0787FD726A59A4300B952FD /* FruitHeaderView.swift */ = {isa = PBXFileReference; lastKnownFileType = sourcecode.swift; path = FruitHeaderView.swift; sourceTree = "<group>"; };
		D0787FD926A59E0200B952FD /* SourceLinkView.swift */ = {isa = PBXFileReference; lastKnownFileType = sourcecode.swift; path = SourceLinkView.swift; sourceTree = "<group>"; };
		D0877EBA26A47F7C004FCEBF /* FructusApp.swift */ = {isa = PBXFileReference; lastKnownFileType = sourcecode.swift; path = FructusApp.swift; sourceTree = "<group>"; };
		D0877EBB26A47F7C004FCEBF /* ContentView.swift */ = {isa = PBXFileReference; lastKnownFileType = sourcecode.swift; path = ContentView.swift; sourceTree = "<group>"; };
		D0877EBC26A47F7F004FCEBF /* Assets.xcassets */ = {isa = PBXFileReference; lastKnownFileType = folder.assetcatalog; path = Assets.xcassets; sourceTree = "<group>"; };
		D0877EC126A47F7F004FCEBF /* Fructus.app */ = {isa = PBXFileReference; explicitFileType = wrapper.application; includeInIndex = 0; path = Fructus.app; sourceTree = BUILT_PRODUCTS_DIR; };
		D0877EC726A47F7F004FCEBF /* Fructus.app */ = {isa = PBXFileReference; explicitFileType = wrapper.application; includeInIndex = 0; path = Fructus.app; sourceTree = BUILT_PRODUCTS_DIR; };
		D0877EDE26A48295004FCEBF /* FruitCardView.swift */ = {isa = PBXFileReference; lastKnownFileType = sourcecode.swift; path = FruitCardView.swift; sourceTree = "<group>"; };
		D0877EE126A4889B004FCEBF /* StartButtonView.swift */ = {isa = PBXFileReference; lastKnownFileType = sourcecode.swift; path = StartButtonView.swift; sourceTree = "<group>"; };
		D0877EE426A48D81004FCEBF /* OnboardingView.swift */ = {isa = PBXFileReference; lastKnownFileType = sourcecode.swift; path = OnboardingView.swift; sourceTree = "<group>"; };
		D0DB377326A604B600C740B4 /* FruitNutrientsView.swift */ = {isa = PBXFileReference; lastKnownFileType = sourcecode.swift; path = FruitNutrientsView.swift; sourceTree = "<group>"; };
		D0DB377526A609F400C740B4 /* SettingsView.swift */ = {isa = PBXFileReference; lastKnownFileType = sourcecode.swift; path = SettingsView.swift; sourceTree = "<group>"; };
		D0DB377726A60FC600C740B4 /* SettingsLabelView.swift */ = {isa = PBXFileReference; lastKnownFileType = sourcecode.swift; path = SettingsLabelView.swift; sourceTree = "<group>"; };
		D0DB377B26A6143500C740B4 /* SettingsRowView.swift */ = {isa = PBXFileReference; lastKnownFileType = sourcecode.swift; path = SettingsRowView.swift; sourceTree = "<group>"; };
/* End PBXFileReference section */

/* Begin PBXFrameworksBuildPhase section */
		D0877EBE26A47F7F004FCEBF /* Frameworks */ = {
			isa = PBXFrameworksBuildPhase;
			buildActionMask = 2147483647;
			files = (
			);
			runOnlyForDeploymentPostprocessing = 0;
		};
		D0877EC426A47F7F004FCEBF /* Frameworks */ = {
			isa = PBXFrameworksBuildPhase;
			buildActionMask = 2147483647;
			files = (
			);
			runOnlyForDeploymentPostprocessing = 0;
		};
/* End PBXFrameworksBuildPhase section */

/* Begin PBXGroup section */
		D0877EB426A47F7B004FCEBF = {
			isa = PBXGroup;
			children = (
				D0877EB926A47F7C004FCEBF /* Shared */,
				D0877EC226A47F7F004FCEBF /* Products */,
			);
			sourceTree = "<group>";
		};
		D0877EB926A47F7C004FCEBF /* Shared */ = {
			isa = PBXGroup;
			children = (
				D0877EBA26A47F7C004FCEBF /* FructusApp.swift */,
				D0877EDA26A4821D004FCEBF /* Model */,
				D0877ED926A48217004FCEBF /* View */,
				D0877EBC26A47F7F004FCEBF /* Assets.xcassets */,
			);
			path = Shared;
			sourceTree = "<group>";
		};
		D0877EC226A47F7F004FCEBF /* Products */ = {
			isa = PBXGroup;
			children = (
				D0877EC126A47F7F004FCEBF /* Fructus.app */,
				D0877EC726A47F7F004FCEBF /* Fructus.app */,
			);
			name = Products;
			sourceTree = "<group>";
		};
		D0877ED926A48217004FCEBF /* View */ = {
			isa = PBXGroup;
			children = (
				D0877EBB26A47F7C004FCEBF /* ContentView.swift */,
				D0787FD526A595C000B952FD /* FruitDetailView.swift */,
				D0877EDE26A48295004FCEBF /* FruitCardView.swift */,
				D0877EE126A4889B004FCEBF /* StartButtonView.swift */,
				D0877EE426A48D81004FCEBF /* OnboardingView.swift */,
				D0787FD326A591C700B952FD /* FruitRowView.swift */,
				D0787FD726A59A4300B952FD /* FruitHeaderView.swift */,
				D0787FD926A59E0200B952FD /* SourceLinkView.swift */,
				D0DB377326A604B600C740B4 /* FruitNutrientsView.swift */,
				D0DB377526A609F400C740B4 /* SettingsView.swift */,
				D0DB377726A60FC600C740B4 /* SettingsLabelView.swift */,
				D0DB377B26A6143500C740B4 /* SettingsRowView.swift */,
			);
			path = View;
			sourceTree = "<group>";
		};
		D0877EDA26A4821D004FCEBF /* Model */ = {
			isa = PBXGroup;
			children = (
				D0787FCE26A587AB00B952FD /* FruitModel.swift */,
			);
			path = Model;
			sourceTree = "<group>";
		};
/* End PBXGroup section */

/* Begin PBXNativeTarget section */
		D0877EC026A47F7F004FCEBF /* Fructus (iOS) */ = {
			isa = PBXNativeTarget;
			buildConfigurationList = D0877ED026A47F7F004FCEBF /* Build configuration list for PBXNativeTarget "Fructus (iOS)" */;
			buildPhases = (
				D0877EBD26A47F7F004FCEBF /* Sources */,
				D0877EBE26A47F7F004FCEBF /* Frameworks */,
				D0877EBF26A47F7F004FCEBF /* Resources */,
			);
			buildRules = (
			);
			dependencies = (
			);
			name = "Fructus (iOS)";
			productName = "Fructus (iOS)";
			productReference = D0877EC126A47F7F004FCEBF /* Fructus.app */;
			productType = "com.apple.product-type.application";
		};
		D0877EC626A47F7F004FCEBF /* Fructus (macOS) */ = {
			isa = PBXNativeTarget;
			buildConfigurationList = D0877ED326A47F7F004FCEBF /* Build configuration list for PBXNativeTarget "Fructus (macOS)" */;
			buildPhases = (
				D0877EC326A47F7F004FCEBF /* Sources */,
				D0877EC426A47F7F004FCEBF /* Frameworks */,
				D0877EC526A47F7F004FCEBF /* Resources */,
			);
			buildRules = (
			);
			dependencies = (
			);
			name = "Fructus (macOS)";
			productName = "Fructus (macOS)";
			productReference = D0877EC726A47F7F004FCEBF /* Fructus.app */;
			productType = "com.apple.product-type.application";
		};
/* End PBXNativeTarget section */

/* Begin PBXProject section */
		D0877EB526A47F7B004FCEBF /* Project object */ = {
			isa = PBXProject;
			attributes = {
				BuildIndependentTargetsInParallel = 1;
				LastSwiftUpdateCheck = 1300;
				LastUpgradeCheck = 1300;
				TargetAttributes = {
					D0877EC026A47F7F004FCEBF = {
						CreatedOnToolsVersion = 13.0;
					};
					D0877EC626A47F7F004FCEBF = {
						CreatedOnToolsVersion = 13.0;
					};
				};
			};
			buildConfigurationList = D0877EB826A47F7B004FCEBF /* Build configuration list for PBXProject "Fructus" */;
			compatibilityVersion = "Xcode 13.0";
			developmentRegion = en;
			hasScannedForEncodings = 0;
			knownRegions = (
				en,
				Base,
			);
			mainGroup = D0877EB426A47F7B004FCEBF;
			productRefGroup = D0877EC226A47F7F004FCEBF /* Products */;
			projectDirPath = "";
			projectRoot = "";
			targets = (
				D0877EC026A47F7F004FCEBF /* Fructus (iOS) */,
				D0877EC626A47F7F004FCEBF /* Fructus (macOS) */,
			);
		};
/* End PBXProject section */

/* Begin PBXResourcesBuildPhase section */
		D0877EBF26A47F7F004FCEBF /* Resources */ = {
			isa = PBXResourcesBuildPhase;
			buildActionMask = 2147483647;
			files = (
				D0877ECC26A47F7F004FCEBF /* Assets.xcassets in Resources */,
			);
			runOnlyForDeploymentPostprocessing = 0;
		};
		D0877EC526A47F7F004FCEBF /* Resources */ = {
			isa = PBXResourcesBuildPhase;
			buildActionMask = 2147483647;
			files = (
				D0877ECD26A47F7F004FCEBF /* Assets.xcassets in Resources */,
			);
			runOnlyForDeploymentPostprocessing = 0;
		};
/* End PBXResourcesBuildPhase section */

/* Begin PBXSourcesBuildPhase section */
		D0877EBD26A47F7F004FCEBF /* Sources */ = {
			isa = PBXSourcesBuildPhase;
			buildActionMask = 2147483647;
			files = (
				D0787FD626A595C000B952FD /* FruitDetailView.swift in Sources */,
				D0787FDA26A59E0200B952FD /* SourceLinkView.swift in Sources */,
				D0877EDF26A48295004FCEBF /* FruitCardView.swift in Sources */,
				D0877EE226A4889B004FCEBF /* StartButtonView.swift in Sources */,
				D0787FD426A591C700B952FD /* FruitRowView.swift in Sources */,
				D0DB377426A604B600C740B4 /* FruitNutrientsView.swift in Sources */,
				D0DB377C26A6143500C740B4 /* SettingsRowView.swift in Sources */,
				D0DB377826A60FC600C740B4 /* SettingsLabelView.swift in Sources */,
				D0877ECA26A47F7F004FCEBF /* ContentView.swift in Sources */,
				D0787FD826A59A4300B952FD /* FruitHeaderView.swift in Sources */,
				D0877EE526A48D81004FCEBF /* OnboardingView.swift in Sources */,
				D0DB377626A609F400C740B4 /* SettingsView.swift in Sources */,
				D0787FCF26A587AB00B952FD /* FruitModel.swift in Sources */,
				D0877EC826A47F7F004FCEBF /* FructusApp.swift in Sources */,
			);
			runOnlyForDeploymentPostprocessing = 0;
		};
		D0877EC326A47F7F004FCEBF /* Sources */ = {
			isa = PBXSourcesBuildPhase;
			buildActionMask = 2147483647;
			files = (
				D0877EE026A48295004FCEBF /* FruitCardView.swift in Sources */,
				D0877EE326A4889B004FCEBF /* StartButtonView.swift in Sources */,
				D0877ECB26A47F7F004FCEBF /* ContentView.swift in Sources */,
				D0877EE626A48D81004FCEBF /* OnboardingView.swift in Sources */,
				D0877EC926A47F7F004FCEBF /* FructusApp.swift in Sources */,
			);
			runOnlyForDeploymentPostprocessing = 0;
		};
/* End PBXSourcesBuildPhase section */

/* Begin XCBuildConfiguration section */
		D0877ECE26A47F7F004FCEBF /* Debug */ = {
			isa = XCBuildConfiguration;
			buildSettings = {
				ALWAYS_SEARCH_USER_PATHS = NO;
				CLANG_ANALYZER_NONNULL = YES;
				CLANG_ANALYZER_NUMBER_OBJECT_CONVERSION = YES_AGGRESSIVE;
				CLANG_CXX_LANGUAGE_STANDARD = "gnu++17";
				CLANG_CXX_LIBRARY = "libc++";
				CLANG_ENABLE_MODULES = YES;
				CLANG_ENABLE_OBJC_ARC = YES;
				CLANG_ENABLE_OBJC_WEAK = YES;
				CLANG_WARN_BLOCK_CAPTURE_AUTORELEASING = YES;
				CLANG_WARN_BOOL_CONVERSION = YES;
				CLANG_WARN_COMMA = YES;
				CLANG_WARN_CONSTANT_CONVERSION = YES;
				CLANG_WARN_DEPRECATED_OBJC_IMPLEMENTATIONS = YES;
				CLANG_WARN_DIRECT_OBJC_ISA_USAGE = YES_ERROR;
				CLANG_WARN_DOCUMENTATION_COMMENTS = YES;
				CLANG_WARN_EMPTY_BODY = YES;
				CLANG_WARN_ENUM_CONVERSION = YES;
				CLANG_WARN_INFINITE_RECURSION = YES;
				CLANG_WARN_INT_CONVERSION = YES;
				CLANG_WARN_NON_LITERAL_NULL_CONVERSION = YES;
				CLANG_WARN_OBJC_IMPLICIT_RETAIN_SELF = YES;
				CLANG_WARN_OBJC_LITERAL_CONVERSION = YES;
				CLANG_WARN_OBJC_ROOT_CLASS = YES_ERROR;
				CLANG_WARN_QUOTED_INCLUDE_IN_FRAMEWORK_HEADER = YES;
				CLANG_WARN_RANGE_LOOP_ANALYSIS = YES;
				CLANG_WARN_STRICT_PROTOTYPES = YES;
				CLANG_WARN_SUSPICIOUS_MOVE = YES;
				CLANG_WARN_UNGUARDED_AVAILABILITY = YES_AGGRESSIVE;
				CLANG_WARN_UNREACHABLE_CODE = YES;
				CLANG_WARN__DUPLICATE_METHOD_MATCH = YES;
				COPY_PHASE_STRIP = NO;
				DEBUG_INFORMATION_FORMAT = dwarf;
				ENABLE_STRICT_OBJC_MSGSEND = YES;
				ENABLE_TESTABILITY = YES;
				GCC_C_LANGUAGE_STANDARD = gnu11;
				GCC_DYNAMIC_NO_PIC = NO;
				GCC_NO_COMMON_BLOCKS = YES;
				GCC_OPTIMIZATION_LEVEL = 0;
				GCC_PREPROCESSOR_DEFINITIONS = (
					"DEBUG=1",
					"$(inherited)",
				);
				GCC_WARN_64_TO_32_BIT_CONVERSION = YES;
				GCC_WARN_ABOUT_RETURN_TYPE = YES_ERROR;
				GCC_WARN_UNDECLARED_SELECTOR = YES;
				GCC_WARN_UNINITIALIZED_AUTOS = YES_AGGRESSIVE;
				GCC_WARN_UNUSED_FUNCTION = YES;
				GCC_WARN_UNUSED_VARIABLE = YES;
				MTL_ENABLE_DEBUG_INFO = INCLUDE_SOURCE;
				MTL_FAST_MATH = YES;
				ONLY_ACTIVE_ARCH = YES;
				SWIFT_ACTIVE_COMPILATION_CONDITIONS = DEBUG;
				SWIFT_OPTIMIZATION_LEVEL = "-Onone";
			};
			name = Debug;
		};
		D0877ECF26A47F7F004FCEBF /* Release */ = {
			isa = XCBuildConfiguration;
			buildSettings = {
				ALWAYS_SEARCH_USER_PATHS = NO;
				CLANG_ANALYZER_NONNULL = YES;
				CLANG_ANALYZER_NUMBER_OBJECT_CONVERSION = YES_AGGRESSIVE;
				CLANG_CXX_LANGUAGE_STANDARD = "gnu++17";
				CLANG_CXX_LIBRARY = "libc++";
				CLANG_ENABLE_MODULES = YES;
				CLANG_ENABLE_OBJC_ARC = YES;
				CLANG_ENABLE_OBJC_WEAK = YES;
				CLANG_WARN_BLOCK_CAPTURE_AUTORELEASING = YES;
				CLANG_WARN_BOOL_CONVERSION = YES;
				CLANG_WARN_COMMA = YES;
				CLANG_WARN_CONSTANT_CONVERSION = YES;
				CLANG_WARN_DEPRECATED_OBJC_IMPLEMENTATIONS = YES;
				CLANG_WARN_DIRECT_OBJC_ISA_USAGE = YES_ERROR;
				CLANG_WARN_DOCUMENTATION_COMMENTS = YES;
				CLANG_WARN_EMPTY_BODY = YES;
				CLANG_WARN_ENUM_CONVERSION = YES;
				CLANG_WARN_INFINITE_RECURSION = YES;
				CLANG_WARN_INT_CONVERSION = YES;
				CLANG_WARN_NON_LITERAL_NULL_CONVERSION = YES;
				CLANG_WARN_OBJC_IMPLICIT_RETAIN_SELF = YES;
				CLANG_WARN_OBJC_LITERAL_CONVERSION = YES;
				CLANG_WARN_OBJC_ROOT_CLASS = YES_ERROR;
				CLANG_WARN_QUOTED_INCLUDE_IN_FRAMEWORK_HEADER = YES;
				CLANG_WARN_RANGE_LOOP_ANALYSIS = YES;
				CLANG_WARN_STRICT_PROTOTYPES = YES;
				CLANG_WARN_SUSPICIOUS_MOVE = YES;
				CLANG_WARN_UNGUARDED_AVAILABILITY = YES_AGGRESSIVE;
				CLANG_WARN_UNREACHABLE_CODE = YES;
				CLANG_WARN__DUPLICATE_METHOD_MATCH = YES;
				COPY_PHASE_STRIP = NO;
				DEBUG_INFORMATION_FORMAT = "dwarf-with-dsym";
				ENABLE_NS_ASSERTIONS = NO;
				ENABLE_STRICT_OBJC_MSGSEND = YES;
				GCC_C_LANGUAGE_STANDARD = gnu11;
				GCC_NO_COMMON_BLOCKS = YES;
				GCC_WARN_64_TO_32_BIT_CONVERSION = YES;
				GCC_WARN_ABOUT_RETURN_TYPE = YES_ERROR;
				GCC_WARN_UNDECLARED_SELECTOR = YES;
				GCC_WARN_UNINITIALIZED_AUTOS = YES_AGGRESSIVE;
				GCC_WARN_UNUSED_FUNCTION = YES;
				GCC_WARN_UNUSED_VARIABLE = YES;
				MTL_ENABLE_DEBUG_INFO = NO;
				MTL_FAST_MATH = YES;
				SWIFT_COMPILATION_MODE = wholemodule;
				SWIFT_OPTIMIZATION_LEVEL = "-O";
			};
			name = Release;
		};
		D0877ED126A47F7F004FCEBF /* Debug */ = {
			isa = XCBuildConfiguration;
			buildSettings = {
				ASSETCATALOG_COMPILER_APPICON_NAME = AppIcon;
				ASSETCATALOG_COMPILER_GLOBAL_ACCENT_COLOR_NAME = AccentColor;
				CODE_SIGN_STYLE = Automatic;
				CURRENT_PROJECT_VERSION = 1;
				DEVELOPMENT_TEAM = F7BC9FG3YG;
				ENABLE_PREVIEWS = YES;
				GENERATE_INFOPLIST_FILE = YES;
				INFOPLIST_KEY_UIApplicationSceneManifest_Generation = YES;
				INFOPLIST_KEY_UIApplicationSupportsIndirectInputEvents = YES;
				INFOPLIST_KEY_UILaunchScreen_Generation = YES;
				INFOPLIST_KEY_UISupportedInterfaceOrientations = UIInterfaceOrientationPortrait;
				INFOPLIST_KEY_UISupportedInterfaceOrientations_iPad = "UIInterfaceOrientationPortrait UIInterfaceOrientationPortraitUpsideDown UIInterfaceOrientationLandscapeLeft UIInterfaceOrientationLandscapeRight";
				INFOPLIST_KEY_UISupportedInterfaceOrientations_iPhone = "UIInterfaceOrientationPortrait UIInterfaceOrientationLandscapeLeft UIInterfaceOrientationLandscapeRight";
				IPHONEOS_DEPLOYMENT_TARGET = 15.0;
				LD_RUNPATH_SEARCH_PATHS = (
					"$(inherited)",
					"@executable_path/Frameworks",
				);
				MARKETING_VERSION = 1.0;
				PRODUCT_BUNDLE_IDENTIFIER = com.makwanbk.Fructus;
				PRODUCT_NAME = Fructus;
				SDKROOT = iphoneos;
				SWIFT_EMIT_LOC_STRINGS = YES;
				SWIFT_VERSION = 5.0;
				TARGETED_DEVICE_FAMILY = "1,2";
			};
			name = Debug;
		};
		D0877ED226A47F7F004FCEBF /* Release */ = {
			isa = XCBuildConfiguration;
			buildSettings = {
				ASSETCATALOG_COMPILER_APPICON_NAME = AppIcon;
				ASSETCATALOG_COMPILER_GLOBAL_ACCENT_COLOR_NAME = AccentColor;
				CODE_SIGN_STYLE = Automatic;
				CURRENT_PROJECT_VERSION = 1;
				DEVELOPMENT_TEAM = F7BC9FG3YG;
				ENABLE_PREVIEWS = YES;
				GENERATE_INFOPLIST_FILE = YES;
				INFOPLIST_KEY_UIApplicationSceneManifest_Generation = YES;
				INFOPLIST_KEY_UIApplicationSupportsIndirectInputEvents = YES;
				INFOPLIST_KEY_UILaunchScreen_Generation = YES;
				INFOPLIST_KEY_UISupportedInterfaceOrientations = UIInterfaceOrientationPortrait;
				INFOPLIST_KEY_UISupportedInterfaceOrientations_iPad = "UIInterfaceOrientationPortrait UIInterfaceOrientationPortraitUpsideDown UIInterfaceOrientationLandscapeLeft UIInterfaceOrientationLandscapeRight";
				INFOPLIST_KEY_UISupportedInterfaceOrientations_iPhone = "UIInterfaceOrientationPortrait UIInterfaceOrientationLandscapeLeft UIInterfaceOrientationLandscapeRight";
				IPHONEOS_DEPLOYMENT_TARGET = 15.0;
				LD_RUNPATH_SEARCH_PATHS = (
					"$(inherited)",
					"@executable_path/Frameworks",
				);
				MARKETING_VERSION = 1.0;
				PRODUCT_BUNDLE_IDENTIFIER = com.makwanbk.Fructus;
				PRODUCT_NAME = Fructus;
				SDKROOT = iphoneos;
				SWIFT_EMIT_LOC_STRINGS = YES;
				SWIFT_VERSION = 5.0;
				TARGETED_DEVICE_FAMILY = "1,2";
				VALIDATE_PRODUCT = YES;
			};
			name = Release;
		};
		D0877ED426A47F7F004FCEBF /* Debug */ = {
			isa = XCBuildConfiguration;
			buildSettings = {
				ASSETCATALOG_COMPILER_APPICON_NAME = AppIcon;
				ASSETCATALOG_COMPILER_GLOBAL_ACCENT_COLOR_NAME = AccentColor;
				CODE_SIGN_STYLE = Automatic;
				COMBINE_HIDPI_IMAGES = YES;
				CURRENT_PROJECT_VERSION = 1;
				DEVELOPMENT_TEAM = F7BC9FG3YG;
				ENABLE_APP_SANDBOX = YES;
				ENABLE_HARDENED_RUNTIME = YES;
				ENABLE_PREVIEWS = YES;
				ENABLE_USER_SELECTED_FILES = readonly;
				GENERATE_INFOPLIST_FILE = YES;
				INFOPLIST_KEY_NSHumanReadableCopyright = "";
				LD_RUNPATH_SEARCH_PATHS = (
					"$(inherited)",
					"@executable_path/../Frameworks",
				);
				MACOSX_DEPLOYMENT_TARGET = 11.0;
				MARKETING_VERSION = 1.0;
				PRODUCT_BUNDLE_IDENTIFIER = com.makwanbk.Fructus;
				PRODUCT_NAME = Fructus;
				SDKROOT = macosx;
				SWIFT_EMIT_LOC_STRINGS = YES;
				SWIFT_VERSION = 5.0;
			};
			name = Debug;
		};
		D0877ED526A47F7F004FCEBF /* Release */ = {
			isa = XCBuildConfiguration;
			buildSettings = {
				ASSETCATALOG_COMPILER_APPICON_NAME = AppIcon;
				ASSETCATALOG_COMPILER_GLOBAL_ACCENT_COLOR_NAME = AccentColor;
				CODE_SIGN_STYLE = Automatic;
				COMBINE_HIDPI_IMAGES = YES;
				CURRENT_PROJECT_VERSION = 1;
				DEVELOPMENT_TEAM = F7BC9FG3YG;
				ENABLE_APP_SANDBOX = YES;
				ENABLE_HARDENED_RUNTIME = YES;
				ENABLE_PREVIEWS = YES;
				ENABLE_USER_SELECTED_FILES = readonly;
				GENERATE_INFOPLIST_FILE = YES;
				INFOPLIST_KEY_NSHumanReadableCopyright = "";
				LD_RUNPATH_SEARCH_PATHS = (
					"$(inherited)",
					"@executable_path/../Frameworks",
				);
				MACOSX_DEPLOYMENT_TARGET = 11.0;
				MARKETING_VERSION = 1.0;
				PRODUCT_BUNDLE_IDENTIFIER = com.makwanbk.Fructus;
				PRODUCT_NAME = Fructus;
				SDKROOT = macosx;
				SWIFT_EMIT_LOC_STRINGS = YES;
				SWIFT_VERSION = 5.0;
			};
			name = Release;
		};
/* End XCBuildConfiguration section */

/* Begin XCConfigurationList section */
		D0877EB826A47F7B004FCEBF /* Build configuration list for PBXProject "Fructus" */ = {
			isa = XCConfigurationList;
			buildConfigurations = (
				D0877ECE26A47F7F004FCEBF /* Debug */,
				D0877ECF26A47F7F004FCEBF /* Release */,
			);
			defaultConfigurationIsVisible = 0;
			defaultConfigurationName = Release;
		};
		D0877ED026A47F7F004FCEBF /* Build configuration list for PBXNativeTarget "Fructus (iOS)" */ = {
			isa = XCConfigurationList;
			buildConfigurations = (
				D0877ED126A47F7F004FCEBF /* Debug */,
				D0877ED226A47F7F004FCEBF /* Release */,
			);
			defaultConfigurationIsVisible = 0;
			defaultConfigurationName = Release;
		};
		D0877ED326A47F7F004FCEBF /* Build configuration list for PBXNativeTarget "Fructus (macOS)" */ = {
			isa = XCConfigurationList;
			buildConfigurations = (
				D0877ED426A47F7F004FCEBF /* Debug */,
				D0877ED526A47F7F004FCEBF /* Release */,
			);
			defaultConfigurationIsVisible = 0;
			defaultConfigurationName = Release;
		};
/* End XCConfigurationList section */
	};
	rootObject = D0877EB526A47F7B004FCEBF /* Project object */;
}
